<?xml version="1.0" encoding="utf-8"?>
<Project ToolsVersion="4.0" xmlns="http://schemas.microsoft.com/developer/msbuild/2003">
  <ItemGroup>
    <Filter Include="Source Files">
      <UniqueIdentifier>{4FC737F1-C7A5-4376-A066-2A32D752A2FF}</UniqueIdentifier>
      <Extensions>cpp;c;cc;cxx;def;odl;idl;hpj;bat;asm;asmx</Extensions>
    </Filter>
    <Filter Include="Header Files">
      <UniqueIdentifier>{93995380-89BD-4b04-88EB-625FBE52EBFB}</UniqueIdentifier>
      <Extensions>h;hh;hpp;hxx;hm;inl;inc;xsd</Extensions>
    </Filter>
    <Filter Include="Resource Files">
      <UniqueIdentifier>{67DA6AB6-F800-4c08-8B7A-83BB121AAD01}</UniqueIdentifier>
      <Extensions>rc;ico;cur;bmp;dlg;rc2;rct;bin;rgs;gif;jpg;jpeg;jpe;resx;tiff;tif;png;wav;mfcribbon-ms</Extensions>
    </Filter>
  </ItemGroup>
  <ItemGroup>
    <Text Include="ReadMe.txt" />
  </ItemGroup>
  <ItemGroup>
    <ClInclude Include="stdafx.h">
      <Filter>Header Files</Filter>
    </ClInclude>
    <ClInclude Include="targetver.h">
      <Filter>Header Files</Filter>
    </ClInclude>
    <ClInclude Include="CalibrationStandard.h">
      <Filter>Header Files</Filter>
    </ClInclude>
    <ClInclude Include="DataGainFactor.h">
      <Filter>Header Files</Filter>
    </ClInclude>
    <ClInclude Include="DetectorInfo.h">
      <Filter>Header Files</Filter>
    </ClInclude>
    <ClInclude Include="dispids.h">
      <Filter>Header Files</Filter>
    </ClInclude>
    <ClInclude Include="DispObject.h">
      <Filter>Header Files</Filter>
    </ClInclude>
    <ClInclude Include="DlgDisplayRadiance.h">
      <Filter>Header Files</Filter>
    </ClInclude>
    <ClInclude Include="DynamicArray.h">
      <Filter>Header Files</Filter>
    </ClInclude>
    <ClInclude Include="GratingScanInfo.h">
      <Filter>Header Files</Filter>
    </ClInclude>
    <ClInclude Include="ImpGratingScanInfo.h">
      <Filter>Header Files</Filter>
    </ClInclude>
    <ClInclude Include="ImpICalibrationStandard.h">
      <Filter>Header Files</Filter>
    </ClInclude>
    <ClInclude Include="IniFile.h">
      <Filter>Header Files</Filter>
    </ClInclude>
    <ClInclude Include="InputInfo.h">
      <Filter>Header Files</Filter>
    </ClInclude>
    <ClInclude Include="InterpolateValues.h">
      <Filter>Header Files</Filter>
    </ClInclude>
    <ClInclude Include="MyContainer.h">
      <Filter>Header Files</Filter>
    </ClInclude>
    <ClInclude Include="MyEnumUnknown.h">
      <Filter>Header Files</Filter>
    </ClInclude>
    <ClInclude Include="MyFactory.h">
      <Filter>Header Files</Filter>
    </ClInclude>
    <ClInclude Include="MyGuids.h">
      <Filter>Header Files</Filter>
    </ClInclude>
    <ClInclude Include="MyObject.h">
      <Filter>Header Files</Filter>
    </ClInclude>
    <ClInclude Include="MyOPTFile.h">
      <Filter>Header Files</Filter>
    </ClInclude>
    <ClInclude Include="MyPlotWindow.h">
      <Filter>Header Files</Filter>
    </ClInclude>
    <ClInclude Include="MyPropPage.h">
      <Filter>Header Files</Filter>
    </ClInclude>
    <ClInclude Include="MySite.h">
      <Filter>Header Files</Filter>
    </ClInclude>
    <ClInclude Include="ParseLine.h">
      <Filter>Header Files</Filter>
    </ClInclude>
    <ClInclude Include="PlotWindow.h">
      <Filter>Header Files</Filter>
    </ClInclude>
    <ClInclude Include="PlotWindowEventHandler.h">
      <Filter>Header Files</Filter>
    </ClInclude>
    <ClInclude Include="PropPageCalibrationStandard.h">
      <Filter>Header Files</Filter>
    </ClInclude>
    <ClInclude Include="PropPageDetectorInfo.h">
      <Filter>Header Files</Filter>
    </ClInclude>
    <ClInclude Include="PropPageExtraData.h">
      <Filter>Header Files</Filter>
    </ClInclude>
    <ClInclude Include="PropPageGratingScanInfo.h">
      <Filter>Header Files</Filter>
    </ClInclude>
    <ClInclude Include="PropPageInputInfo.h">
      <Filter>Header Files</Filter>
    </ClInclude>
    <ClInclude Include="PropPageSlitInfo.h">
      <Filter>Header Files</Filter>
    </ClInclude>
    <ClInclude Include="resource.h">
      <Filter>Header Files</Filter>
    </ClInclude>
    <ClInclude Include="SciFileOpen.h">
      <Filter>Header Files</Filter>
    </ClInclude>
    <ClInclude Include="SciOutFile.h">
      <Filter>Header Files</Filter>
    </ClInclude>
    <ClInclude Include="SciXML.h">
      <Filter>Header Files</Filter>
    </ClInclude>
    <ClInclude Include="Server.h">
      <Filter>Header Files</Filter>
    </ClInclude>
    <ClInclude Include="SlitInfo.h">
      <Filter>Header Files</Filter>
    </ClInclude>
  </ItemGroup>
  <ItemGroup>
    <ClCompile Include="stdafx.cpp">
      <Filter>Source Files</Filter>
    </ClCompile>
    <ClCompile Include="OptFile.cpp">
      <Filter>Source Files</Filter>
    </ClCompile>
    <ClCompile Include="dllmain.cpp">
      <Filter>Source Files</Filter>
    </ClCompile>
    <ClCompile Include="CalibrationStandard.cpp">
      <Filter>Source Files</Filter>
    </ClCompile>
    <ClCompile Include="DataGainFactor.cpp">
      <Filter>Source Files</Filter>
    </ClCompile>
    <ClCompile Include="DetectorInfo.cpp">
      <Filter>Source Files</Filter>
    </ClCompile>
    <ClCompile Include="DispObject.cpp">
      <Filter>Source Files</Filter>
    </ClCompile>
    <ClCompile Include="DlgDisplayRadiance.cpp">
      <Filter>Source Files</Filter>
    </ClCompile>
    <ClCompile Include="DynamicArray.cpp">
      <Filter>Source Files</Filter>
    </ClCompile>
    <ClCompile Include="GratingScanInfo.cpp">
      <Filter>Source Files</Filter>
    </ClCompile>
    <ClCompile Include="ImpGratingScanInfo.cpp">
      <Filter>Source Files</Filter>
    </ClCompile>
    <ClCompile Include="ImpICalibrationStandard.cpp">
      <Filter>Source Files</Filter>
    </ClCompile>
    <ClCompile Include="IniFile.cpp">
      <Filter>Source Files</Filter>
    </ClCompile>
    <ClCompile Include="InputInfo.cpp">
      <Filter>Source Files</Filter>
    </ClCompile>
    <ClCompile Include="InterpolateValues.cpp">
      <Filter>Source Files</Filter>
    </ClCompile>
    <ClCompile Include="MyContainer.cpp">
      <Filter>Source Files</Filter>
    </ClCompile>
    <ClCompile Include="MyEnumUnknown.cpp">
      <Filter>Source Files</Filter>
    </ClCompile>
    <ClCompile Include="MyFactory.cpp">
      <Filter>Source Files</Filter>
    </ClCompile>
    <ClCompile Include="MyObject.cpp">
      <Filter>Source Files</Filter>
    </ClCompile>
    <ClCompile Include="MyOPTFile.cpp">
      <Filter>Source Files</Filter>
    </ClCompile>
    <ClCompile Include="MyPlotWindow.cpp">
      <Filter>Source Files</Filter>
    </ClCompile>
    <ClCompile Include="MyPropPage.cpp">
      <Filter>Source Files</Filter>
    </ClCompile>
    <ClCompile Include="MySite.cpp">
      <Filter>Source Files</Filter>
    </ClCompile>
    <ClCompile Include="ParseLine.cpp">
      <Filter>Source Files</Filter>
    </ClCompile>
    <ClCompile Include="PlotWindow.cpp">
      <Filter>Source Files</Filter>
    </ClCompile>
    <ClCompile Include="PlotWindowEventHandler.cpp">
      <Filter>Source Files</Filter>
    </ClCompile>
    <ClCompile Include="PropPageCalibrationStandard.cpp">
      <Filter>Source Files</Filter>
    </ClCompile>
    <ClCompile Include="PropPageDetectorInfo.cpp">
      <Filter>Source Files</Filter>
    </ClCompile>
    <ClCompile Include="PropPageExtraData.cpp">
      <Filter>Source Files</Filter>
    </ClCompile>
    <ClCompile Include="PropPageGratingScanInfo.cpp">
      <Filter>Source Files</Filter>
    </ClCompile>
    <ClCompile Include="PropPageInputInfo.cpp">
      <Filter>Source Files</Filter>
    </ClCompile>
    <ClCompile Include="PropPageSlitInfo.cpp">
      <Filter>Source Files</Filter>
    </ClCompile>
    <ClCompile Include="SciFileOpen.cpp">
      <Filter>Source Files</Filter>
    </ClCompile>
    <ClCompile Include="SciOutFile.cpp">
      <Filter>Source Files</Filter>
    </ClCompile>
    <ClCompile Include="SciXML.cpp">
      <Filter>Source Files</Filter>
    </ClCompile>
    <ClCompile Include="Server.cpp">
      <Filter>Source Files</Filter>
    </ClCompile>
    <ClCompile Include="SlitInfo.cpp">
      <Filter>Source Files</Filter>
    </ClCompile>
  </ItemGroup>
  <ItemGroup>
    <None Include="ImpICalibrationStandard.inl">
      <Filter>Header Files</Filter>
    </None>
    <None Include="MyDef.def">
      <Filter>Source Files</Filter>
    </None>
  </ItemGroup>
  <ItemGroup>
    <ResourceCompile Include="SimpleCom.rc">
      <Filter>Resource Files</Filter>
    </ResourceCompile>
  </ItemGroup>
  <ItemGroup>
    <Midl Include="MyIDL.idl">
      <Filter>Source Files</Filter>
    </Midl>
  </ItemGroup>
</Project>